
Microsoft Visual Studio Solution File, Format Version 12.00
# Visual Studio Version 17
VisualStudioVersion = 17.1.32228.430
MinimumVisualStudioVersion = 10.0.40219.1
Project("{FAE04EC0-301F-11D3-BF4B-00C04F79EFBC}") = "Lab-03-System.IO", "Lab-03-System.IO\Lab-03-System.IO.csproj", "{C5B4654B-F9B5-4E3F-92E6-DD1A8A859030}"
EndProject
Project("{FAE04EC0-301F-11D3-BF4B-00C04F79EFBC}") = "TestLab-03-System.IO", "TestLab-03-System.IO\TestLab-03-System.IO.csproj", "{0CAC4E33-4E32-47EC-9C37-125C96FA74DF}"
EndProject
Global
	GlobalSection(SolutionConfigurationPlatforms) = preSolution
		Debug|Any CPU = Debug|Any CPU
		Release|Any CPU = Release|Any CPU
	EndGlobalSection
	GlobalSection(ProjectConfigurationPlatforms) = postSolution
		{C5B4654B-F9B5-4E3F-92E6-DD1A8A859030}.Debug|Any CPU.ActiveCfg = Debug|Any CPU
		{C5B4654B-F9B5-4E3F-92E6-DD1A8A859030}.Debug|Any CPU.Build.0 = Debug|Any CPU
		{C5B4654B-F9B5-4E3F-92E6-DD1A8A859030}.Release|Any CPU.ActiveCfg = Release|Any CPU
		{C5B4654B-F9B5-4E3F-92E6-DD1A8A859030}.Release|Any CPU.Build.0 = Release|Any CPU
		{0CAC4E33-4E32-47EC-9C37-125C96FA74DF}.Debug|Any CPU.ActiveCfg = Debug|Any CPU
		{0CAC4E33-4E32-47EC-9C37-125C96FA74DF}.Debug|Any CPU.Build.0 = Debug|Any CPU
		{0CAC4E33-4E32-47EC-9C37-125C96FA74DF}.Release|Any CPU.ActiveCfg = Release|Any CPU
		{0CAC4E33-4E32-47EC-9C37-125C96FA74DF}.Release|Any CPU.Build.0 = Release|Any CPU
	EndGlobalSection
	GlobalSection(SolutionProperties) = preSolution
		HideSolutionNode = FALSE
	EndGlobalSection
	GlobalSection(ExtensibilityGlobals) = postSolution
		SolutionGuid = {51FB7AB0-6BCB-4444-B78B-998575B17865}
	EndGlobalSection
EndGlobal
